
Microsoft Visual Studio Solution File, Format Version 12.00
# Visual Studio Version 17
VisualStudioVersion = 17.6.33606.364
MinimumVisualStudioVersion = 10.0.40219.1
Project("{FAE04EC0-301F-11D3-BF4B-00C04F79EFBC}") = "background-time", "background-time.csproj", "{266C9E69-2154-4A38-BD11-DCBA7AA07344}"
EndProject
Global
	GlobalSection(SolutionConfigurationPlatforms) = preSolution
		Debug|Any CPU = Debug|Any CPU
		Release|Any CPU = Release|Any CPU
	EndGlobalSection
	GlobalSection(ProjectConfigurationPlatforms) = postSolution
		{266C9E69-2154-4A38-BD11-DCBA7AA07344}.Debug|Any CPU.ActiveCfg = Debug|Any CPU
		{266C9E69-2154-4A38-BD11-DCBA7AA07344}.Debug|Any CPU.Build.0 = Debug|Any CPU
		{266C9E69-2154-4A38-BD11-DCBA7AA07344}.Release|Any CPU.ActiveCfg = Release|Any CPU
		{266C9E69-2154-4A38-BD11-DCBA7AA07344}.Release|Any CPU.Build.0 = Release|Any CPU
	EndGlobalSection
	GlobalSection(SolutionProperties) = preSolution
		HideSolutionNode = FALSE
	EndGlobalSection
	GlobalSection(ExtensibilityGlobals) = postSolution
		SolutionGuid = {22E416F0-3A99-4D51-ABFE-1508FD04D276}
	EndGlobalSection
EndGlobal
